// !$*UTF8*$!
{
	archiveVersion = 1;
	classes = {
	};
	objectVersion = 56;
	objects = {

/* Begin PBXBuildFile section */
		6C0DEDEE2BA922C900AA5B5D /* Color.swift in Sources */ = {isa = PBXBuildFile; fileRef = 6C0DEDED2BA922C900AA5B5D /* Color.swift */; };
		6C134A3A2B9A2AA00042B82C /* Double+Extension.swift in Sources */ = {isa = PBXBuildFile; fileRef = 6C134A392B9A2AA00042B82C /* Double+Extension.swift */; };
		6C361C182BA0C690002A187B /* UberLocation.swift in Sources */ = {isa = PBXBuildFile; fileRef = 6C361C172BA0C690002A187B /* UberLocation.swift */; };
		6C41ECFF2B7D1DEF0029D1C0 /* UberCloneApp.swift in Sources */ = {isa = PBXBuildFile; fileRef = 6C41ECFE2B7D1DEF0029D1C0 /* UberCloneApp.swift */; };
		6C41ED032B7D1DF10029D1C0 /* Assets.xcassets in Resources */ = {isa = PBXBuildFile; fileRef = 6C41ED022B7D1DF10029D1C0 /* Assets.xcassets */; };
		6C41ED062B7D1DF10029D1C0 /* Preview Assets.xcassets in Resources */ = {isa = PBXBuildFile; fileRef = 6C41ED052B7D1DF10029D1C0 /* Preview Assets.xcassets */; };
		6C41ED142B7D60030029D1C0 /* HomeView.swift in Sources */ = {isa = PBXBuildFile; fileRef = 6C41ED132B7D60030029D1C0 /* HomeView.swift */; };
		6C41ED162B7D60520029D1C0 /* UberMapViewRepresentable.swift in Sources */ = {isa = PBXBuildFile; fileRef = 6C41ED152B7D60520029D1C0 /* UberMapViewRepresentable.swift */; };
		6C41ED182B7D62210029D1C0 /* LocationManager.swift in Sources */ = {isa = PBXBuildFile; fileRef = 6C41ED172B7D62210029D1C0 /* LocationManager.swift */; };
		6CB73E5C2B9173BD008172A6 /* MapViewState.swift in Sources */ = {isa = PBXBuildFile; fileRef = 6CB73E5B2B9173BD008172A6 /* MapViewState.swift */; };
		6CDAD7E32B977E2A00213AED /* RideRequestView.swift in Sources */ = {isa = PBXBuildFile; fileRef = 6CDAD7E22B977E2A00213AED /* RideRequestView.swift */; };
		6CDAD7E52B97DE7D00213AED /* RideType.swift in Sources */ = {isa = PBXBuildFile; fileRef = 6CDAD7E42B97DE7D00213AED /* RideType.swift */; };
		6CF74F612B8E218600C10FAA /* LocationSearchActivationView.swift in Sources */ = {isa = PBXBuildFile; fileRef = 6CF74F602B8E218600C10FAA /* LocationSearchActivationView.swift */; };
		6CF74F632B8E22BE00C10FAA /* MapViewActionButton.swift in Sources */ = {isa = PBXBuildFile; fileRef = 6CF74F622B8E22BE00C10FAA /* MapViewActionButton.swift */; };
		6CF74F652B8E246C00C10FAA /* LocationSearchView.swift in Sources */ = {isa = PBXBuildFile; fileRef = 6CF74F642B8E246C00C10FAA /* LocationSearchView.swift */; };
		6CF74F672B8E262800C10FAA /* LocationSearchResultCell.swift in Sources */ = {isa = PBXBuildFile; fileRef = 6CF74F662B8E262800C10FAA /* LocationSearchResultCell.swift */; };
		6CF74F692B8E2A3A00C10FAA /* LocationSearchViewModel.swift in Sources */ = {isa = PBXBuildFile; fileRef = 6CF74F682B8E2A3A00C10FAA /* LocationSearchViewModel.swift */; };
/* End PBXBuildFile section */

/* Begin PBXFileReference section */
		6C0DEDED2BA922C900AA5B5D /* Color.swift */ = {isa = PBXFileReference; lastKnownFileType = sourcecode.swift; path = Color.swift; sourceTree = "<group>"; };
		6C134A392B9A2AA00042B82C /* Double+Extension.swift */ = {isa = PBXFileReference; lastKnownFileType = sourcecode.swift; path = "Double+Extension.swift"; sourceTree = "<group>"; };
		6C361C172BA0C690002A187B /* UberLocation.swift */ = {isa = PBXFileReference; lastKnownFileType = sourcecode.swift; path = UberLocation.swift; sourceTree = "<group>"; };
		6C41ECFB2B7D1DEF0029D1C0 /* UberClone.app */ = {isa = PBXFileReference; explicitFileType = wrapper.application; includeInIndex = 0; path = UberClone.app; sourceTree = BUILT_PRODUCTS_DIR; };
		6C41ECFE2B7D1DEF0029D1C0 /* UberCloneApp.swift */ = {isa = PBXFileReference; lastKnownFileType = sourcecode.swift; path = UberCloneApp.swift; sourceTree = "<group>"; };
		6C41ED022B7D1DF10029D1C0 /* Assets.xcassets */ = {isa = PBXFileReference; lastKnownFileType = folder.assetcatalog; path = Assets.xcassets; sourceTree = "<group>"; };
		6C41ED052B7D1DF10029D1C0 /* Preview Assets.xcassets */ = {isa = PBXFileReference; lastKnownFileType = folder.assetcatalog; path = "Preview Assets.xcassets"; sourceTree = "<group>"; };
		6C41ED132B7D60030029D1C0 /* HomeView.swift */ = {isa = PBXFileReference; lastKnownFileType = sourcecode.swift; path = HomeView.swift; sourceTree = "<group>"; };
		6C41ED152B7D60520029D1C0 /* UberMapViewRepresentable.swift */ = {isa = PBXFileReference; lastKnownFileType = sourcecode.swift; path = UberMapViewRepresentable.swift; sourceTree = "<group>"; };
		6C41ED172B7D62210029D1C0 /* LocationManager.swift */ = {isa = PBXFileReference; lastKnownFileType = sourcecode.swift; path = LocationManager.swift; sourceTree = "<group>"; };
		6CB73E5B2B9173BD008172A6 /* MapViewState.swift */ = {isa = PBXFileReference; lastKnownFileType = sourcecode.swift; path = MapViewState.swift; sourceTree = "<group>"; };
		6CDAD7E22B977E2A00213AED /* RideRequestView.swift */ = {isa = PBXFileReference; lastKnownFileType = sourcecode.swift; path = RideRequestView.swift; sourceTree = "<group>"; };
		6CDAD7E42B97DE7D00213AED /* RideType.swift */ = {isa = PBXFileReference; lastKnownFileType = sourcecode.swift; path = RideType.swift; sourceTree = "<group>"; };
		6CF74F602B8E218600C10FAA /* LocationSearchActivationView.swift */ = {isa = PBXFileReference; lastKnownFileType = sourcecode.swift; path = LocationSearchActivationView.swift; sourceTree = "<group>"; };
		6CF74F622B8E22BE00C10FAA /* MapViewActionButton.swift */ = {isa = PBXFileReference; lastKnownFileType = sourcecode.swift; path = MapViewActionButton.swift; sourceTree = "<group>"; };
		6CF74F642B8E246C00C10FAA /* LocationSearchView.swift */ = {isa = PBXFileReference; lastKnownFileType = sourcecode.swift; path = LocationSearchView.swift; sourceTree = "<group>"; };
		6CF74F662B8E262800C10FAA /* LocationSearchResultCell.swift */ = {isa = PBXFileReference; lastKnownFileType = sourcecode.swift; path = LocationSearchResultCell.swift; sourceTree = "<group>"; };
		6CF74F682B8E2A3A00C10FAA /* LocationSearchViewModel.swift */ = {isa = PBXFileReference; lastKnownFileType = sourcecode.swift; path = LocationSearchViewModel.swift; sourceTree = "<group>"; };
/* End PBXFileReference section */

/* Begin PBXFrameworksBuildPhase section */
		6C41ECF82B7D1DEF0029D1C0 /* Frameworks */ = {
			isa = PBXFrameworksBuildPhase;
			buildActionMask = 2147483647;
			files = (
			);
			runOnlyForDeploymentPostprocessing = 0;
		};
/* End PBXFrameworksBuildPhase section */

/* Begin PBXGroup section */
		6C41ECF22B7D1DEF0029D1C0 = {
			isa = PBXGroup;
			children = (
				6C41ECFD2B7D1DEF0029D1C0 /* UberClone */,
				6C41ECFC2B7D1DEF0029D1C0 /* Products */,
			);
			sourceTree = "<group>";
		};
		6C41ECFC2B7D1DEF0029D1C0 /* Products */ = {
			isa = PBXGroup;
			children = (
				6C41ECFB2B7D1DEF0029D1C0 /* UberClone.app */,
			);
			name = Products;
			sourceTree = "<group>";
		};
		6C41ECFD2B7D1DEF0029D1C0 /* UberClone */ = {
			isa = PBXGroup;
			children = (
				6C41ED102B7D5FE70029D1C0 /* Models */,
				6C41ED0F2B7D5FE10029D1C0 /* Managers */,
				6C41ED0E2B7D5FDA0029D1C0 /* Extensions */,
				6C41ED0D2B7D5FD50029D1C0 /* Core */,
				6C41ED0C2B7D5FC10029D1C0 /* App */,
				6C41ED022B7D1DF10029D1C0 /* Assets.xcassets */,
				6C41ED042B7D1DF10029D1C0 /* Preview Content */,
			);
			path = UberClone;
			sourceTree = "<group>";
		};
		6C41ED042B7D1DF10029D1C0 /* Preview Content */ = {
			isa = PBXGroup;
			children = (
				6C41ED052B7D1DF10029D1C0 /* Preview Assets.xcassets */,
			);
			path = "Preview Content";
			sourceTree = "<group>";
		};
		6C41ED0C2B7D5FC10029D1C0 /* App */ = {
			isa = PBXGroup;
			children = (
				6C41ECFE2B7D1DEF0029D1C0 /* UberCloneApp.swift */,
			);
			path = App;
			sourceTree = "<group>";
		};
		6C41ED0D2B7D5FD50029D1C0 /* Core */ = {
			isa = PBXGroup;
			children = (
				6CDAD7E12B977E1D00213AED /* Trips */,
				6CF74F5D2B8E216200C10FAA /* LocationSerach */,
				6CF74F5C2B8E215800C10FAA /* Home */,
			);
			path = Core;
			sourceTree = "<group>";
		};
		6C41ED0E2B7D5FDA0029D1C0 /* Extensions */ = {
			isa = PBXGroup;
			children = (
				6C134A392B9A2AA00042B82C /* Double+Extension.swift */,
				6C0DEDED2BA922C900AA5B5D /* Color.swift */,
			);
			path = Extensions;
			sourceTree = "<group>";
		};
		6C41ED0F2B7D5FE10029D1C0 /* Managers */ = {
			isa = PBXGroup;
			children = (
				6C41ED172B7D62210029D1C0 /* LocationManager.swift */,
			);
			path = Managers;
			sourceTree = "<group>";
		};
		6C41ED102B7D5FE70029D1C0 /* Models */ = {
			isa = PBXGroup;
			children = (
				6CB73E5B2B9173BD008172A6 /* MapViewState.swift */,
				6CDAD7E42B97DE7D00213AED /* RideType.swift */,
				6C361C172BA0C690002A187B /* UberLocation.swift */,
			);
			path = Models;
			sourceTree = "<group>";
		};
		6C41ED112B7D5FF00029D1C0 /* ViewModels */ = {
			isa = PBXGroup;
			children = (
			);
			path = ViewModels;
			sourceTree = "<group>";
		};
		6C41ED122B7D5FFA0029D1C0 /* View */ = {
			isa = PBXGroup;
			children = (
				6C41ED132B7D60030029D1C0 /* HomeView.swift */,
				6C41ED152B7D60520029D1C0 /* UberMapViewRepresentable.swift */,
				6CF74F622B8E22BE00C10FAA /* MapViewActionButton.swift */,
			);
			path = View;
			sourceTree = "<group>";
		};
		6CDAD7E12B977E1D00213AED /* Trips */ = {
			isa = PBXGroup;
			children = (
				6CDAD7E22B977E2A00213AED /* RideRequestView.swift */,
			);
			path = Trips;
			sourceTree = "<group>";
		};
		6CF74F5C2B8E215800C10FAA /* Home */ = {
			isa = PBXGroup;
			children = (
				6C41ED122B7D5FFA0029D1C0 /* View */,
				6C41ED112B7D5FF00029D1C0 /* ViewModels */,
			);
			path = Home;
			sourceTree = "<group>";
		};
		6CF74F5D2B8E216200C10FAA /* LocationSerach */ = {
			isa = PBXGroup;
			children = (
				6CF74F5F2B8E217500C10FAA /* ViewModel */,
				6CF74F5E2B8E217000C10FAA /* View */,
			);
			path = LocationSerach;
			sourceTree = "<group>";
		};
		6CF74F5E2B8E217000C10FAA /* View */ = {
			isa = PBXGroup;
			children = (
				6CF74F602B8E218600C10FAA /* LocationSearchActivationView.swift */,
				6CF74F642B8E246C00C10FAA /* LocationSearchView.swift */,
				6CF74F662B8E262800C10FAA /* LocationSearchResultCell.swift */,
			);
			path = View;
			sourceTree = "<group>";
		};
		6CF74F5F2B8E217500C10FAA /* ViewModel */ = {
			isa = PBXGroup;
			children = (
				6CF74F682B8E2A3A00C10FAA /* LocationSearchViewModel.swift */,
			);
			path = ViewModel;
			sourceTree = "<group>";
		};
/* End PBXGroup section */

/* Begin PBXNativeTarget section */
		6C41ECFA2B7D1DEF0029D1C0 /* UberClone */ = {
			isa = PBXNativeTarget;
			buildConfigurationList = 6C41ED092B7D1DF10029D1C0 /* Build configuration list for PBXNativeTarget "UberClone" */;
			buildPhases = (
				6C41ECF72B7D1DEF0029D1C0 /* Sources */,
				6C41ECF82B7D1DEF0029D1C0 /* Frameworks */,
				6C41ECF92B7D1DEF0029D1C0 /* Resources */,
			);
			buildRules = (
			);
			dependencies = (
			);
			name = UberClone;
			productName = UberClone;
			productReference = 6C41ECFB2B7D1DEF0029D1C0 /* UberClone.app */;
			productType = "com.apple.product-type.application";
		};
/* End PBXNativeTarget section */

/* Begin PBXProject section */
		6C41ECF32B7D1DEF0029D1C0 /* Project object */ = {
			isa = PBXProject;
			attributes = {
				BuildIndependentTargetsInParallel = 1;
				LastSwiftUpdateCheck = 1520;
				LastUpgradeCheck = 1520;
				TargetAttributes = {
					6C41ECFA2B7D1DEF0029D1C0 = {
						CreatedOnToolsVersion = 15.2;
					};
				};
			};
			buildConfigurationList = 6C41ECF62B7D1DEF0029D1C0 /* Build configuration list for PBXProject "UberClone" */;
			compatibilityVersion = "Xcode 14.0";
			developmentRegion = en;
			hasScannedForEncodings = 0;
			knownRegions = (
				en,
				Base,
			);
			mainGroup = 6C41ECF22B7D1DEF0029D1C0;
			productRefGroup = 6C41ECFC2B7D1DEF0029D1C0 /* Products */;
			projectDirPath = "";
			projectRoot = "";
			targets = (
				6C41ECFA2B7D1DEF0029D1C0 /* UberClone */,
			);
		};
/* End PBXProject section */

/* Begin PBXResourcesBuildPhase section */
		6C41ECF92B7D1DEF0029D1C0 /* Resources */ = {
			isa = PBXResourcesBuildPhase;
			buildActionMask = 2147483647;
			files = (
				6C41ED062B7D1DF10029D1C0 /* Preview Assets.xcassets in Resources */,
				6C41ED032B7D1DF10029D1C0 /* Assets.xcassets in Resources */,
			);
			runOnlyForDeploymentPostprocessing = 0;
		};
/* End PBXResourcesBuildPhase section */

/* Begin PBXSourcesBuildPhase section */
		6C41ECF72B7D1DEF0029D1C0 /* Sources */ = {
			isa = PBXSourcesBuildPhase;
			buildActionMask = 2147483647;
			files = (
				6CF74F692B8E2A3A00C10FAA /* LocationSearchViewModel.swift in Sources */,
				6CF74F652B8E246C00C10FAA /* LocationSearchView.swift in Sources */,
				6C41ED182B7D62210029D1C0 /* LocationManager.swift in Sources */,
				6CDAD7E32B977E2A00213AED /* RideRequestView.swift in Sources */,
				6C134A3A2B9A2AA00042B82C /* Double+Extension.swift in Sources */,
				6CB73E5C2B9173BD008172A6 /* MapViewState.swift in Sources */,
				6CF74F632B8E22BE00C10FAA /* MapViewActionButton.swift in Sources */,
				6C41ED142B7D60030029D1C0 /* HomeView.swift in Sources */,
				6C0DEDEE2BA922C900AA5B5D /* Color.swift in Sources */,
				6C41ED162B7D60520029D1C0 /* UberMapViewRepresentable.swift in Sources */,
				6C41ECFF2B7D1DEF0029D1C0 /* UberCloneApp.swift in Sources */,
				6C361C182BA0C690002A187B /* UberLocation.swift in Sources */,
				6CF74F612B8E218600C10FAA /* LocationSearchActivationView.swift in Sources */,
				6CF74F672B8E262800C10FAA /* LocationSearchResultCell.swift in Sources */,
				6CDAD7E52B97DE7D00213AED /* RideType.swift in Sources */,
			);
			runOnlyForDeploymentPostprocessing = 0;
		};
/* End PBXSourcesBuildPhase section */

/* Begin XCBuildConfiguration section */
		6C41ED072B7D1DF10029D1C0 /* Debug */ = {
			isa = XCBuildConfiguration;
			buildSettings = {
				ALWAYS_SEARCH_USER_PATHS = NO;
				ASSETCATALOG_COMPILER_GENERATE_SWIFT_ASSET_SYMBOL_EXTENSIONS = YES;
				CLANG_ANALYZER_NONNULL = YES;
				CLANG_ANALYZER_NUMBER_OBJECT_CONVERSION = YES_AGGRESSIVE;
				CLANG_CXX_LANGUAGE_STANDARD = "gnu++20";
				CLANG_ENABLE_MODULES = YES;
				CLANG_ENABLE_OBJC_ARC = YES;
				CLANG_ENABLE_OBJC_WEAK = YES;
				CLANG_WARN_BLOCK_CAPTURE_AUTORELEASING = YES;
				CLANG_WARN_BOOL_CONVERSION = YES;
				CLANG_WARN_COMMA = YES;
				CLANG_WARN_CONSTANT_CONVERSION = YES;
				CLANG_WARN_DEPRECATED_OBJC_IMPLEMENTATIONS = YES;
				CLANG_WARN_DIRECT_OBJC_ISA_USAGE = YES_ERROR;
				CLANG_WARN_DOCUMENTATION_COMMENTS = YES;
				CLANG_WARN_EMPTY_BODY = YES;
				CLANG_WARN_ENUM_CONVERSION = YES;
				CLANG_WARN_INFINITE_RECURSION = YES;
				CLANG_WARN_INT_CONVERSION = YES;
				CLANG_WARN_NON_LITERAL_NULL_CONVERSION = YES;
				CLANG_WARN_OBJC_IMPLICIT_RETAIN_SELF = YES;
				CLANG_WARN_OBJC_LITERAL_CONVERSION = YES;
				CLANG_WARN_OBJC_ROOT_CLASS = YES_ERROR;
				CLANG_WARN_QUOTED_INCLUDE_IN_FRAMEWORK_HEADER = YES;
				CLANG_WARN_RANGE_LOOP_ANALYSIS = YES;
				CLANG_WARN_STRICT_PROTOTYPES = YES;
				CLANG_WARN_SUSPICIOUS_MOVE = YES;
				CLANG_WARN_UNGUARDED_AVAILABILITY = YES_AGGRESSIVE;
				CLANG_WARN_UNREACHABLE_CODE = YES;
				CLANG_WARN__DUPLICATE_METHOD_MATCH = YES;
				COPY_PHASE_STRIP = NO;
				DEBUG_INFORMATION_FORMAT = dwarf;
				ENABLE_STRICT_OBJC_MSGSEND = YES;
				ENABLE_TESTABILITY = YES;
				ENABLE_USER_SCRIPT_SANDBOXING = YES;
				GCC_C_LANGUAGE_STANDARD = gnu17;
				GCC_DYNAMIC_NO_PIC = NO;
				GCC_NO_COMMON_BLOCKS = YES;
				GCC_OPTIMIZATION_LEVEL = 0;
				GCC_PREPROCESSOR_DEFINITIONS = (
					"DEBUG=1",
					"$(inherited)",
				);
				GCC_WARN_64_TO_32_BIT_CONVERSION = YES;
				GCC_WARN_ABOUT_RETURN_TYPE = YES_ERROR;
				GCC_WARN_UNDECLARED_SELECTOR = YES;
				GCC_WARN_UNINITIALIZED_AUTOS = YES_AGGRESSIVE;
				GCC_WARN_UNUSED_FUNCTION = YES;
				GCC_WARN_UNUSED_VARIABLE = YES;
				IPHONEOS_DEPLOYMENT_TARGET = 17.2;
				LOCALIZATION_PREFERS_STRING_CATALOGS = YES;
				MTL_ENABLE_DEBUG_INFO = INCLUDE_SOURCE;
				MTL_FAST_MATH = YES;
				ONLY_ACTIVE_ARCH = YES;
				SDKROOT = iphoneos;
				SWIFT_ACTIVE_COMPILATION_CONDITIONS = "DEBUG $(inherited)";
				SWIFT_OPTIMIZATION_LEVEL = "-Onone";
			};
			name = Debug;
		};
		6C41ED082B7D1DF10029D1C0 /* Release */ = {
			isa = XCBuildConfiguration;
			buildSettings = {
				ALWAYS_SEARCH_USER_PATHS = NO;
				ASSETCATALOG_COMPILER_GENERATE_SWIFT_ASSET_SYMBOL_EXTENSIONS = YES;
				CLANG_ANALYZER_NONNULL = YES;
				CLANG_ANALYZER_NUMBER_OBJECT_CONVERSION = YES_AGGRESSIVE;
				CLANG_CXX_LANGUAGE_STANDARD = "gnu++20";
				CLANG_ENABLE_MODULES = YES;
				CLANG_ENABLE_OBJC_ARC = YES;
				CLANG_ENABLE_OBJC_WEAK = YES;
				CLANG_WARN_BLOCK_CAPTURE_AUTORELEASING = YES;
				CLANG_WARN_BOOL_CONVERSION = YES;
				CLANG_WARN_COMMA = YES;
				CLANG_WARN_CONSTANT_CONVERSION = YES;
				CLANG_WARN_DEPRECATED_OBJC_IMPLEMENTATIONS = YES;
				CLANG_WARN_DIRECT_OBJC_ISA_USAGE = YES_ERROR;
				CLANG_WARN_DOCUMENTATION_COMMENTS = YES;
				CLANG_WARN_EMPTY_BODY = YES;
				CLANG_WARN_ENUM_CONVERSION = YES;
				CLANG_WARN_INFINITE_RECURSION = YES;
				CLANG_WARN_INT_CONVERSION = YES;
				CLANG_WARN_NON_LITERAL_NULL_CONVERSION = YES;
				CLANG_WARN_OBJC_IMPLICIT_RETAIN_SELF = YES;
				CLANG_WARN_OBJC_LITERAL_CONVERSION = YES;
				CLANG_WARN_OBJC_ROOT_CLASS = YES_ERROR;
				CLANG_WARN_QUOTED_INCLUDE_IN_FRAMEWORK_HEADER = YES;
				CLANG_WARN_RANGE_LOOP_ANALYSIS = YES;
				CLANG_WARN_STRICT_PROTOTYPES = YES;
				CLANG_WARN_SUSPICIOUS_MOVE = YES;
				CLANG_WARN_UNGUARDED_AVAILABILITY = YES_AGGRESSIVE;
				CLANG_WARN_UNREACHABLE_CODE = YES;
				CLANG_WARN__DUPLICATE_METHOD_MATCH = YES;
				COPY_PHASE_STRIP = NO;
				DEBUG_INFORMATION_FORMAT = "dwarf-with-dsym";
				ENABLE_NS_ASSERTIONS = NO;
				ENABLE_STRICT_OBJC_MSGSEND = YES;
				ENABLE_USER_SCRIPT_SANDBOXING = YES;
				GCC_C_LANGUAGE_STANDARD = gnu17;
				GCC_NO_COMMON_BLOCKS = YES;
				GCC_WARN_64_TO_32_BIT_CONVERSION = YES;
				GCC_WARN_ABOUT_RETURN_TYPE = YES_ERROR;
				GCC_WARN_UNDECLARED_SELECTOR = YES;
				GCC_WARN_UNINITIALIZED_AUTOS = YES_AGGRESSIVE;
				GCC_WARN_UNUSED_FUNCTION = YES;
				GCC_WARN_UNUSED_VARIABLE = YES;
				IPHONEOS_DEPLOYMENT_TARGET = 17.2;
				LOCALIZATION_PREFERS_STRING_CATALOGS = YES;
				MTL_ENABLE_DEBUG_INFO = NO;
				MTL_FAST_MATH = YES;
				SDKROOT = iphoneos;
				SWIFT_COMPILATION_MODE = wholemodule;
				VALIDATE_PRODUCT = YES;
			};
			name = Release;
		};
		6C41ED0A2B7D1DF10029D1C0 /* Debug */ = {
			isa = XCBuildConfiguration;
			buildSettings = {
				ASSETCATALOG_COMPILER_APPICON_NAME = AppIcon;
				ASSETCATALOG_COMPILER_GLOBAL_ACCENT_COLOR_NAME = AccentColor;
				CODE_SIGN_STYLE = Automatic;
				CURRENT_PROJECT_VERSION = 1;
				DEVELOPMENT_ASSET_PATHS = "\"UberClone/Preview Content\"";
				DEVELOPMENT_TEAM = V5U53J8M62;
				ENABLE_PREVIEWS = YES;
				GENERATE_INFOPLIST_FILE = YES;
				INFOPLIST_KEY_NSLocationWhenInUseUsageDescription = "We need to access to your location to show where are you";
				INFOPLIST_KEY_UIApplicationSceneManifest_Generation = YES;
				INFOPLIST_KEY_UIApplicationSupportsIndirectInputEvents = YES;
				INFOPLIST_KEY_UILaunchScreen_Generation = YES;
				INFOPLIST_KEY_UISupportedInterfaceOrientations_iPad = "UIInterfaceOrientationPortrait UIInterfaceOrientationPortraitUpsideDown UIInterfaceOrientationLandscapeLeft UIInterfaceOrientationLandscapeRight";
				INFOPLIST_KEY_UISupportedInterfaceOrientations_iPhone = "UIInterfaceOrientationPortrait UIInterfaceOrientationLandscapeLeft UIInterfaceOrientationLandscapeRight";
				LD_RUNPATH_SEARCH_PATHS = (
					"$(inherited)",
					"@executable_path/Frameworks",
				);
				MARKETING_VERSION = 1.0;
				PRODUCT_BUNDLE_IDENTIFIER = com.rotadevsolutions.UberClone;
				PRODUCT_NAME = "$(TARGET_NAME)";
				SWIFT_EMIT_LOC_STRINGS = YES;
				SWIFT_VERSION = 5.0;
				TARGETED_DEVICE_FAMILY = "1,2";
			};
			name = Debug;
		};
		6C41ED0B2B7D1DF10029D1C0 /* Release */ = {
			isa = XCBuildConfiguration;
			buildSettings = {
				ASSETCATALOG_COMPILER_APPICON_NAME = AppIcon;
				ASSETCATALOG_COMPILER_GLOBAL_ACCENT_COLOR_NAME = AccentColor;
				CODE_SIGN_STYLE = Automatic;
				CURRENT_PROJECT_VERSION = 1;
				DEVELOPMENT_ASSET_PATHS = "\"UberClone/Preview Content\"";
				DEVELOPMENT_TEAM = V5U53J8M62;
				ENABLE_PREVIEWS = YES;
				GENERATE_INFOPLIST_FILE = YES;
				INFOPLIST_KEY_NSLocationWhenInUseUsageDescription = "We need to access to your location to show where are you";
				INFOPLIST_KEY_UIApplicationSceneManifest_Generation = YES;
				INFOPLIST_KEY_UIApplicationSupportsIndirectInputEvents = YES;
				INFOPLIST_KEY_UILaunchScreen_Generation = YES;
				INFOPLIST_KEY_UISupportedInterfaceOrientations_iPad = "UIInterfaceOrientationPortrait UIInterfaceOrientationPortraitUpsideDown UIInterfaceOrientationLandscapeLeft UIInterfaceOrientationLandscapeRight";
				INFOPLIST_KEY_UISupportedInterfaceOrientations_iPhone = "UIInterfaceOrientationPortrait UIInterfaceOrientationLandscapeLeft UIInterfaceOrientationLandscapeRight";
				LD_RUNPATH_SEARCH_PATHS = (
					"$(inherited)",
					"@executable_path/Frameworks",
				);
				MARKETING_VERSION = 1.0;
				PRODUCT_BUNDLE_IDENTIFIER = com.rotadevsolutions.UberClone;
				PRODUCT_NAME = "$(TARGET_NAME)";
				SWIFT_EMIT_LOC_STRINGS = YES;
				SWIFT_VERSION = 5.0;
				TARGETED_DEVICE_FAMILY = "1,2";
			};
			name = Release;
		};
/* End XCBuildConfiguration section */

/* Begin XCConfigurationList section */
		6C41ECF62B7D1DEF0029D1C0 /* Build configuration list for PBXProject "UberClone" */ = {
			isa = XCConfigurationList;
			buildConfigurations = (
				6C41ED072B7D1DF10029D1C0 /* Debug */,
				6C41ED082B7D1DF10029D1C0 /* Release */,
			);
			defaultConfigurationIsVisible = 0;
			defaultConfigurationName = Release;
		};
		6C41ED092B7D1DF10029D1C0 /* Build configuration list for PBXNativeTarget "UberClone" */ = {
			isa = XCConfigurationList;
			buildConfigurations = (
				6C41ED0A2B7D1DF10029D1C0 /* Debug */,
				6C41ED0B2B7D1DF10029D1C0 /* Release */,
			);
			defaultConfigurationIsVisible = 0;
			defaultConfigurationName = Release;
		};
/* End XCConfigurationList section */
	};
	rootObject = 6C41ECF32B7D1DEF0029D1C0 /* Project object */;
}
